// !$*UTF8*$!
{
	archiveVersion = 1;
	classes = {
	};
	objectVersion = 55;
	objects = {

/* Begin PBXBuildFile section */
		81FCC6FA289C31E500433ED1 /* AppDelegate.swift in Sources */ = {isa = PBXBuildFile; fileRef = 81FCC6F9289C31E500433ED1 /* AppDelegate.swift */; };
		81FCC6FC289C31E500433ED1 /* SceneDelegate.swift in Sources */ = {isa = PBXBuildFile; fileRef = 81FCC6FB289C31E500433ED1 /* SceneDelegate.swift */; };
		81FCC703289C31E600433ED1 /* Assets.xcassets in Resources */ = {isa = PBXBuildFile; fileRef = 81FCC702289C31E600433ED1 /* Assets.xcassets */; };
		81FCC706289C31E600433ED1 /* LaunchScreen.storyboard in Resources */ = {isa = PBXBuildFile; fileRef = 81FCC704289C31E600433ED1 /* LaunchScreen.storyboard */; };
		81FCC711289C31E700433ED1 /* AxonistaTests.swift in Sources */ = {isa = PBXBuildFile; fileRef = 81FCC710289C31E700433ED1 /* AxonistaTests.swift */; };
		81FCC71B289C31E700433ED1 /* AxonistaUITests.swift in Sources */ = {isa = PBXBuildFile; fileRef = 81FCC71A289C31E700433ED1 /* AxonistaUITests.swift */; };
		81FCC71D289C31E700433ED1 /* AxonistaUITestsLaunchTests.swift in Sources */ = {isa = PBXBuildFile; fileRef = 81FCC71C289C31E700433ED1 /* AxonistaUITestsLaunchTests.swift */; };
		81FCC72D289C37E100433ED1 /* RequestMethod.swift in Sources */ = {isa = PBXBuildFile; fileRef = 81FCC72C289C37E100433ED1 /* RequestMethod.swift */; };
		81FCC72F289C37FE00433ED1 /* RequestError.swift in Sources */ = {isa = PBXBuildFile; fileRef = 81FCC72E289C37FE00433ED1 /* RequestError.swift */; };
		81FCC732289C38F500433ED1 /* Movie.swift in Sources */ = {isa = PBXBuildFile; fileRef = 81FCC731289C38F500433ED1 /* Movie.swift */; };
		81FCC734289C399700433ED1 /* Movies.swift in Sources */ = {isa = PBXBuildFile; fileRef = 81FCC733289C399700433ED1 /* Movies.swift */; };
		81FCC736289C39D900433ED1 /* HTTPClient.swift in Sources */ = {isa = PBXBuildFile; fileRef = 81FCC735289C39D900433ED1 /* HTTPClient.swift */; };
		81FCC73F289C49DE00433ED1 /* MovieFetcher.swift in Sources */ = {isa = PBXBuildFile; fileRef = 81FCC73E289C49DE00433ED1 /* MovieFetcher.swift */; };
		81FCC741289C4A1E00433ED1 /* MovieAPIRequest.swift in Sources */ = {isa = PBXBuildFile; fileRef = 81FCC740289C4A1E00433ED1 /* MovieAPIRequest.swift */; };
		81FCC743289C508900433ED1 /* APIRequest.swift in Sources */ = {isa = PBXBuildFile; fileRef = 81FCC742289C508900433ED1 /* APIRequest.swift */; };
		81FCC748289C560800433ED1 /* Utils.swift in Sources */ = {isa = PBXBuildFile; fileRef = 81FCC747289C560800433ED1 /* Utils.swift */; };
		81FCC74A289C666A00433ED1 /* MockMoviesFetcher.swift in Sources */ = {isa = PBXBuildFile; fileRef = 81FCC749289C666A00433ED1 /* MockMoviesFetcher.swift */; };
		81FCC74E289C682A00433ED1 /* MockHTTPClient.swift in Sources */ = {isa = PBXBuildFile; fileRef = 81FCC74D289C682A00433ED1 /* MockHTTPClient.swift */; };
		81FCC750289C68E000433ED1 /* Mockable.swift in Sources */ = {isa = PBXBuildFile; fileRef = 81FCC74F289C68E000433ED1 /* Mockable.swift */; };
		81FCC755289C6B9800433ED1 /* movies.json in Resources */ = {isa = PBXBuildFile; fileRef = 81FCC752289C6AE800433ED1 /* movies.json */; };
		81FCC757289C6BAA00433ED1 /* movie.json in Resources */ = {isa = PBXBuildFile; fileRef = 81FCC756289C6BAA00433ED1 /* movie.json */; };
		81FCC759289D00AD00433ED1 /* MovieAPIRequestMock.swift in Sources */ = {isa = PBXBuildFile; fileRef = 81FCC758289D00AD00433ED1 /* MovieAPIRequestMock.swift */; };
		81FCC761289D978C00433ED1 /* UIView+Extension.swift in Sources */ = {isa = PBXBuildFile; fileRef = 81FCC760289D978C00433ED1 /* UIView+Extension.swift */; };
		81FCC765289D9DDB00433ED1 /* MoviesViewModel.swift in Sources */ = {isa = PBXBuildFile; fileRef = 81FCC764289D9DDB00433ED1 /* MoviesViewModel.swift */; };
		81FCC767289DA63100433ED1 /* MoviesViewController.swift in Sources */ = {isa = PBXBuildFile; fileRef = 81FCC766289DA63100433ED1 /* MoviesViewController.swift */; };
		81FCC769289E46E500433ED1 /* MoviesView.swift in Sources */ = {isa = PBXBuildFile; fileRef = 81FCC768289E46E500433ED1 /* MoviesView.swift */; };
		81FCC76B289E46FF00433ED1 /* MoviesUICollectionViewFlowLayout.swift in Sources */ = {isa = PBXBuildFile; fileRef = 81FCC76A289E46FF00433ED1 /* MoviesUICollectionViewFlowLayout.swift */; };
		81FCC76F289E6EC800433ED1 /* MovieCatalogueViewCell.swift in Sources */ = {isa = PBXBuildFile; fileRef = 81FCC76E289E6EC800433ED1 /* MovieCatalogueViewCell.swift */; };
		81FCC778289E7C3000433ED1 /* Kingfisher in Frameworks */ = {isa = PBXBuildFile; productRef = 81FCC777289E7C3000433ED1 /* Kingfisher */; };
		81FCC77B289E901200433ED1 /* String+Extension.swift in Sources */ = {isa = PBXBuildFile; fileRef = 81FCC77A289E901200433ED1 /* String+Extension.swift */; };
		81FCC77D289E9E1A00433ED1 /* MovieDetailView.swift in Sources */ = {isa = PBXBuildFile; fileRef = 81FCC77C289E9E1A00433ED1 /* MovieDetailView.swift */; };
		81FCC77F289E9E2E00433ED1 /* MovieDetailViewController.swift in Sources */ = {isa = PBXBuildFile; fileRef = 81FCC77E289E9E2D00433ED1 /* MovieDetailViewController.swift */; };
		81FCC781289E9E4100433ED1 /* MovieDetailViewModel.swift in Sources */ = {isa = PBXBuildFile; fileRef = 81FCC780289E9E4100433ED1 /* MovieDetailViewModel.swift */; };
		81FCC783289EB35200433ED1 /* MovieDetail.swift in Sources */ = {isa = PBXBuildFile; fileRef = 81FCC782289EB35200433ED1 /* MovieDetail.swift */; };
/* End PBXBuildFile section */

/* Begin PBXContainerItemProxy section */
		81FCC70D289C31E700433ED1 /* PBXContainerItemProxy */ = {
			isa = PBXContainerItemProxy;
			containerPortal = 81FCC6EE289C31E500433ED1 /* Project object */;
			proxyType = 1;
			remoteGlobalIDString = 81FCC6F5289C31E500433ED1;
			remoteInfo = Axonista;
		};
		81FCC717289C31E700433ED1 /* PBXContainerItemProxy */ = {
			isa = PBXContainerItemProxy;
			containerPortal = 81FCC6EE289C31E500433ED1 /* Project object */;
			proxyType = 1;
			remoteGlobalIDString = 81FCC6F5289C31E500433ED1;
			remoteInfo = Axonista;
		};
/* End PBXContainerItemProxy section */

/* Begin PBXFileReference section */
		81FCC6F6289C31E500433ED1 /* Axonista.app */ = {isa = PBXFileReference; explicitFileType = wrapper.application; includeInIndex = 0; path = Axonista.app; sourceTree = BUILT_PRODUCTS_DIR; };
		81FCC6F9289C31E500433ED1 /* AppDelegate.swift */ = {isa = PBXFileReference; lastKnownFileType = sourcecode.swift; path = AppDelegate.swift; sourceTree = "<group>"; };
		81FCC6FB289C31E500433ED1 /* SceneDelegate.swift */ = {isa = PBXFileReference; lastKnownFileType = sourcecode.swift; path = SceneDelegate.swift; sourceTree = "<group>"; };
		81FCC702289C31E600433ED1 /* Assets.xcassets */ = {isa = PBXFileReference; lastKnownFileType = folder.assetcatalog; path = Assets.xcassets; sourceTree = "<group>"; };
		81FCC705289C31E600433ED1 /* Base */ = {isa = PBXFileReference; lastKnownFileType = file.storyboard; name = Base; path = Base.lproj/LaunchScreen.storyboard; sourceTree = "<group>"; };
		81FCC707289C31E600433ED1 /* Info.plist */ = {isa = PBXFileReference; lastKnownFileType = text.plist.xml; path = Info.plist; sourceTree = "<group>"; };
		81FCC70C289C31E700433ED1 /* AxonistaTests.xctest */ = {isa = PBXFileReference; explicitFileType = wrapper.cfbundle; includeInIndex = 0; path = AxonistaTests.xctest; sourceTree = BUILT_PRODUCTS_DIR; };
		81FCC710289C31E700433ED1 /* AxonistaTests.swift */ = {isa = PBXFileReference; lastKnownFileType = sourcecode.swift; path = AxonistaTests.swift; sourceTree = "<group>"; };
		81FCC716289C31E700433ED1 /* AxonistaUITests.xctest */ = {isa = PBXFileReference; explicitFileType = wrapper.cfbundle; includeInIndex = 0; path = AxonistaUITests.xctest; sourceTree = BUILT_PRODUCTS_DIR; };
		81FCC71A289C31E700433ED1 /* AxonistaUITests.swift */ = {isa = PBXFileReference; lastKnownFileType = sourcecode.swift; path = AxonistaUITests.swift; sourceTree = "<group>"; };
		81FCC71C289C31E700433ED1 /* AxonistaUITestsLaunchTests.swift */ = {isa = PBXFileReference; lastKnownFileType = sourcecode.swift; path = AxonistaUITestsLaunchTests.swift; sourceTree = "<group>"; };
		81FCC72C289C37E100433ED1 /* RequestMethod.swift */ = {isa = PBXFileReference; lastKnownFileType = sourcecode.swift; path = RequestMethod.swift; sourceTree = "<group>"; };
		81FCC72E289C37FE00433ED1 /* RequestError.swift */ = {isa = PBXFileReference; lastKnownFileType = sourcecode.swift; path = RequestError.swift; sourceTree = "<group>"; };
		81FCC731289C38F500433ED1 /* Movie.swift */ = {isa = PBXFileReference; lastKnownFileType = sourcecode.swift; path = Movie.swift; sourceTree = "<group>"; };
		81FCC733289C399700433ED1 /* Movies.swift */ = {isa = PBXFileReference; lastKnownFileType = sourcecode.swift; path = Movies.swift; sourceTree = "<group>"; };
		81FCC735289C39D900433ED1 /* HTTPClient.swift */ = {isa = PBXFileReference; lastKnownFileType = sourcecode.swift; path = HTTPClient.swift; sourceTree = "<group>"; };
		81FCC73E289C49DE00433ED1 /* MovieFetcher.swift */ = {isa = PBXFileReference; lastKnownFileType = sourcecode.swift; path = MovieFetcher.swift; sourceTree = "<group>"; };
		81FCC740289C4A1E00433ED1 /* MovieAPIRequest.swift */ = {isa = PBXFileReference; lastKnownFileType = sourcecode.swift; path = MovieAPIRequest.swift; sourceTree = "<group>"; };
		81FCC742289C508900433ED1 /* APIRequest.swift */ = {isa = PBXFileReference; lastKnownFileType = sourcecode.swift; path = APIRequest.swift; sourceTree = "<group>"; };
		81FCC747289C560800433ED1 /* Utils.swift */ = {isa = PBXFileReference; lastKnownFileType = sourcecode.swift; path = Utils.swift; sourceTree = "<group>"; };
		81FCC749289C666A00433ED1 /* MockMoviesFetcher.swift */ = {isa = PBXFileReference; lastKnownFileType = sourcecode.swift; path = MockMoviesFetcher.swift; sourceTree = "<group>"; };
		81FCC74D289C682A00433ED1 /* MockHTTPClient.swift */ = {isa = PBXFileReference; lastKnownFileType = sourcecode.swift; path = MockHTTPClient.swift; sourceTree = "<group>"; };
		81FCC74F289C68E000433ED1 /* Mockable.swift */ = {isa = PBXFileReference; lastKnownFileType = sourcecode.swift; path = Mockable.swift; sourceTree = "<group>"; };
		81FCC752289C6AE800433ED1 /* movies.json */ = {isa = PBXFileReference; lastKnownFileType = text.json; path = movies.json; sourceTree = "<group>"; };
		81FCC756289C6BAA00433ED1 /* movie.json */ = {isa = PBXFileReference; lastKnownFileType = text.json; path = movie.json; sourceTree = "<group>"; };
		81FCC758289D00AD00433ED1 /* MovieAPIRequestMock.swift */ = {isa = PBXFileReference; lastKnownFileType = sourcecode.swift; path = MovieAPIRequestMock.swift; sourceTree = "<group>"; };
		81FCC760289D978C00433ED1 /* UIView+Extension.swift */ = {isa = PBXFileReference; lastKnownFileType = sourcecode.swift; path = "UIView+Extension.swift"; sourceTree = "<group>"; };
		81FCC764289D9DDB00433ED1 /* MoviesViewModel.swift */ = {isa = PBXFileReference; lastKnownFileType = sourcecode.swift; path = MoviesViewModel.swift; sourceTree = "<group>"; };
		81FCC766289DA63100433ED1 /* MoviesViewController.swift */ = {isa = PBXFileReference; lastKnownFileType = sourcecode.swift; path = MoviesViewController.swift; sourceTree = "<group>"; };
		81FCC768289E46E500433ED1 /* MoviesView.swift */ = {isa = PBXFileReference; lastKnownFileType = sourcecode.swift; path = MoviesView.swift; sourceTree = "<group>"; };
		81FCC76A289E46FF00433ED1 /* MoviesUICollectionViewFlowLayout.swift */ = {isa = PBXFileReference; lastKnownFileType = sourcecode.swift; path = MoviesUICollectionViewFlowLayout.swift; sourceTree = "<group>"; };
		81FCC76E289E6EC800433ED1 /* MovieCatalogueViewCell.swift */ = {isa = PBXFileReference; lastKnownFileType = sourcecode.swift; path = MovieCatalogueViewCell.swift; sourceTree = "<group>"; };
		81FCC77A289E901200433ED1 /* String+Extension.swift */ = {isa = PBXFileReference; lastKnownFileType = sourcecode.swift; path = "String+Extension.swift"; sourceTree = "<group>"; };
		81FCC77C289E9E1A00433ED1 /* MovieDetailView.swift */ = {isa = PBXFileReference; lastKnownFileType = sourcecode.swift; path = MovieDetailView.swift; sourceTree = "<group>"; };
		81FCC77E289E9E2D00433ED1 /* MovieDetailViewController.swift */ = {isa = PBXFileReference; lastKnownFileType = sourcecode.swift; path = MovieDetailViewController.swift; sourceTree = "<group>"; };
		81FCC780289E9E4100433ED1 /* MovieDetailViewModel.swift */ = {isa = PBXFileReference; lastKnownFileType = sourcecode.swift; path = MovieDetailViewModel.swift; sourceTree = "<group>"; };
		81FCC782289EB35200433ED1 /* MovieDetail.swift */ = {isa = PBXFileReference; lastKnownFileType = sourcecode.swift; path = MovieDetail.swift; sourceTree = "<group>"; };
/* End PBXFileReference section */

/* Begin PBXFrameworksBuildPhase section */
		81FCC6F3289C31E500433ED1 /* Frameworks */ = {
			isa = PBXFrameworksBuildPhase;
			buildActionMask = 2147483647;
			files = (
				81FCC778289E7C3000433ED1 /* Kingfisher in Frameworks */,
			);
			runOnlyForDeploymentPostprocessing = 0;
		};
		81FCC709289C31E700433ED1 /* Frameworks */ = {
			isa = PBXFrameworksBuildPhase;
			buildActionMask = 2147483647;
			files = (
			);
			runOnlyForDeploymentPostprocessing = 0;
		};
		81FCC713289C31E700433ED1 /* Frameworks */ = {
			isa = PBXFrameworksBuildPhase;
			buildActionMask = 2147483647;
			files = (
			);
			runOnlyForDeploymentPostprocessing = 0;
		};
/* End PBXFrameworksBuildPhase section */

/* Begin PBXGroup section */
		81FCC6ED289C31E500433ED1 = {
			isa = PBXGroup;
			children = (
				81FCC6F8289C31E500433ED1 /* Axonista */,
				81FCC70F289C31E700433ED1 /* AxonistaTests */,
				81FCC719289C31E700433ED1 /* AxonistaUITests */,
				81FCC6F7289C31E500433ED1 /* Products */,
			);
			sourceTree = "<group>";
		};
		81FCC6F7289C31E500433ED1 /* Products */ = {
			isa = PBXGroup;
			children = (
				81FCC6F6289C31E500433ED1 /* Axonista.app */,
				81FCC70C289C31E700433ED1 /* AxonistaTests.xctest */,
				81FCC716289C31E700433ED1 /* AxonistaUITests.xctest */,
			);
			name = Products;
			sourceTree = "<group>";
		};
		81FCC6F8289C31E500433ED1 /* Axonista */ = {
			isa = PBXGroup;
			children = (
				81FCC6F9289C31E500433ED1 /* AppDelegate.swift */,
				81FCC6FB289C31E500433ED1 /* SceneDelegate.swift */,
				81FCC78C289EB4C800433ED1 /* Extensions */,
				81FCC788289EB46200433ED1 /* MovieDetail */,
				81FCC784289EB3F800433ED1 /* MovieList */,
				81FCC729289C37AB00433ED1 /* Network */,
				81FCC702289C31E600433ED1 /* Assets.xcassets */,
				81FCC704289C31E600433ED1 /* LaunchScreen.storyboard */,
				81FCC707289C31E600433ED1 /* Info.plist */,
			);
			path = Axonista;
			sourceTree = "<group>";
		};
		81FCC70F289C31E700433ED1 /* AxonistaTests */ = {
			isa = PBXGroup;
			children = (
				81FCC710289C31E700433ED1 /* AxonistaTests.swift */,
				81FCC749289C666A00433ED1 /* MockMoviesFetcher.swift */,
				81FCC74D289C682A00433ED1 /* MockHTTPClient.swift */,
				81FCC758289D00AD00433ED1 /* MovieAPIRequestMock.swift */,
				81FCC74F289C68E000433ED1 /* Mockable.swift */,
				81FCC752289C6AE800433ED1 /* movies.json */,
				81FCC756289C6BAA00433ED1 /* movie.json */,
			);
			path = AxonistaTests;
			sourceTree = "<group>";
		};
		81FCC719289C31E700433ED1 /* AxonistaUITests */ = {
			isa = PBXGroup;
			children = (
				81FCC71A289C31E700433ED1 /* AxonistaUITests.swift */,
				81FCC71C289C31E700433ED1 /* AxonistaUITestsLaunchTests.swift */,
			);
			path = AxonistaUITests;
			sourceTree = "<group>";
		};
		81FCC729289C37AB00433ED1 /* Network */ = {
			isa = PBXGroup;
			children = (
				81FCC742289C508900433ED1 /* APIRequest.swift */,
				81FCC740289C4A1E00433ED1 /* MovieAPIRequest.swift */,
				81FCC73E289C49DE00433ED1 /* MovieFetcher.swift */,
				81FCC72C289C37E100433ED1 /* RequestMethod.swift */,
				81FCC72E289C37FE00433ED1 /* RequestError.swift */,
				81FCC735289C39D900433ED1 /* HTTPClient.swift */,
			);
			path = Network;
			sourceTree = "<group>";
		};
		81FCC784289EB3F800433ED1 /* MovieList */ = {
			isa = PBXGroup;
			children = (
				81FCC785289EB43500433ED1 /* Model */,
				81FCC786289EB43D00433ED1 /* View */,
				81FCC787289EB44600433ED1 /* ViewModel */,
			);
			path = MovieList;
			sourceTree = "<group>";
		};
		81FCC785289EB43500433ED1 /* Model */ = {
			isa = PBXGroup;
			children = (
				81FCC733289C399700433ED1 /* Movies.swift */,
				81FCC731289C38F500433ED1 /* Movie.swift */,
			);
			path = Model;
			sourceTree = "<group>";
		};
		81FCC786289EB43D00433ED1 /* View */ = {
			isa = PBXGroup;
			children = (
				81FCC766289DA63100433ED1 /* MoviesViewController.swift */,
				81FCC768289E46E500433ED1 /* MoviesView.swift */,
				81FCC76E289E6EC800433ED1 /* MovieCatalogueViewCell.swift */,
				81FCC76A289E46FF00433ED1 /* MoviesUICollectionViewFlowLayout.swift */,
			);
			path = View;
			sourceTree = "<group>";
		};
		81FCC787289EB44600433ED1 /* ViewModel */ = {
			isa = PBXGroup;
			children = (
				81FCC764289D9DDB00433ED1 /* MoviesViewModel.swift */,
			);
			path = ViewModel;
			sourceTree = "<group>";
		};
		81FCC788289EB46200433ED1 /* MovieDetail */ = {
			isa = PBXGroup;
			children = (
				81FCC78B289EB47D00433ED1 /* Model */,
				81FCC78A289EB47700433ED1 /* View */,
				81FCC789289EB46D00433ED1 /* ViewModel */,
			);
			path = MovieDetail;
			sourceTree = "<group>";
		};
		81FCC789289EB46D00433ED1 /* ViewModel */ = {
			isa = PBXGroup;
			children = (
				81FCC780289E9E4100433ED1 /* MovieDetailViewModel.swift */,
			);
			path = ViewModel;
			sourceTree = "<group>";
		};
		81FCC78A289EB47700433ED1 /* View */ = {
			isa = PBXGroup;
			children = (
				81FCC77E289E9E2D00433ED1 /* MovieDetailViewController.swift */,
				81FCC77C289E9E1A00433ED1 /* MovieDetailView.swift */,
			);
			path = View;
			sourceTree = "<group>";
		};
		81FCC78B289EB47D00433ED1 /* Model */ = {
			isa = PBXGroup;
			children = (
				81FCC782289EB35200433ED1 /* MovieDetail.swift */,
			);
			path = Model;
			sourceTree = "<group>";
		};
		81FCC78C289EB4C800433ED1 /* Extensions */ = {
			isa = PBXGroup;
			children = (
				81FCC760289D978C00433ED1 /* UIView+Extension.swift */,
				81FCC77A289E901200433ED1 /* String+Extension.swift */,
				81FCC747289C560800433ED1 /* Utils.swift */,
			);
			path = Extensions;
			sourceTree = "<group>";
		};
/* End PBXGroup section */

/* Begin PBXNativeTarget section */
		81FCC6F5289C31E500433ED1 /* Axonista */ = {
			isa = PBXNativeTarget;
			buildConfigurationList = 81FCC720289C31E700433ED1 /* Build configuration list for PBXNativeTarget "Axonista" */;
			buildPhases = (
				81FCC6F2289C31E500433ED1 /* Sources */,
				81FCC6F3289C31E500433ED1 /* Frameworks */,
				81FCC6F4289C31E500433ED1 /* Resources */,
			);
			buildRules = (
			);
			dependencies = (
			);
			name = Axonista;
			packageProductDependencies = (
				81FCC777289E7C3000433ED1 /* Kingfisher */,
			);
			productName = Axonista;
			productReference = 81FCC6F6289C31E500433ED1 /* Axonista.app */;
			productType = "com.apple.product-type.application";
		};
		81FCC70B289C31E700433ED1 /* AxonistaTests */ = {
			isa = PBXNativeTarget;
			buildConfigurationList = 81FCC723289C31E700433ED1 /* Build configuration list for PBXNativeTarget "AxonistaTests" */;
			buildPhases = (
				81FCC708289C31E700433ED1 /* Sources */,
				81FCC709289C31E700433ED1 /* Frameworks */,
				81FCC70A289C31E700433ED1 /* Resources */,
			);
			buildRules = (
			);
			dependencies = (
				81FCC70E289C31E700433ED1 /* PBXTargetDependency */,
			);
			name = AxonistaTests;
			productName = AxonistaTests;
			productReference = 81FCC70C289C31E700433ED1 /* AxonistaTests.xctest */;
			productType = "com.apple.product-type.bundle.unit-test";
		};
		81FCC715289C31E700433ED1 /* AxonistaUITests */ = {
			isa = PBXNativeTarget;
			buildConfigurationList = 81FCC726289C31E700433ED1 /* Build configuration list for PBXNativeTarget "AxonistaUITests" */;
			buildPhases = (
				81FCC712289C31E700433ED1 /* Sources */,
				81FCC713289C31E700433ED1 /* Frameworks */,
				81FCC714289C31E700433ED1 /* Resources */,
			);
			buildRules = (
			);
			dependencies = (
				81FCC718289C31E700433ED1 /* PBXTargetDependency */,
			);
			name = AxonistaUITests;
			productName = AxonistaUITests;
			productReference = 81FCC716289C31E700433ED1 /* AxonistaUITests.xctest */;
			productType = "com.apple.product-type.bundle.ui-testing";
		};
/* End PBXNativeTarget section */

/* Begin PBXProject section */
		81FCC6EE289C31E500433ED1 /* Project object */ = {
			isa = PBXProject;
			attributes = {
				BuildIndependentTargetsInParallel = 1;
				LastSwiftUpdateCheck = 1340;
				LastUpgradeCheck = 1340;
				TargetAttributes = {
					81FCC6F5289C31E500433ED1 = {
						CreatedOnToolsVersion = 13.4.1;
					};
					81FCC70B289C31E700433ED1 = {
						CreatedOnToolsVersion = 13.4.1;
						TestTargetID = 81FCC6F5289C31E500433ED1;
					};
					81FCC715289C31E700433ED1 = {
						CreatedOnToolsVersion = 13.4.1;
						TestTargetID = 81FCC6F5289C31E500433ED1;
					};
				};
			};
			buildConfigurationList = 81FCC6F1289C31E500433ED1 /* Build configuration list for PBXProject "Axonista" */;
			compatibilityVersion = "Xcode 13.0";
			developmentRegion = en;
			hasScannedForEncodings = 0;
			knownRegions = (
				en,
				Base,
			);
			mainGroup = 81FCC6ED289C31E500433ED1;
			packageReferences = (
				81FCC776289E7C3000433ED1 /* XCRemoteSwiftPackageReference "Kingfisher" */,
			);
			productRefGroup = 81FCC6F7289C31E500433ED1 /* Products */;
			projectDirPath = "";
			projectRoot = "";
			targets = (
				81FCC6F5289C31E500433ED1 /* Axonista */,
				81FCC70B289C31E700433ED1 /* AxonistaTests */,
				81FCC715289C31E700433ED1 /* AxonistaUITests */,
			);
		};
/* End PBXProject section */

/* Begin PBXResourcesBuildPhase section */
		81FCC6F4289C31E500433ED1 /* Resources */ = {
			isa = PBXResourcesBuildPhase;
			buildActionMask = 2147483647;
			files = (
				81FCC706289C31E600433ED1 /* LaunchScreen.storyboard in Resources */,
				81FCC703289C31E600433ED1 /* Assets.xcassets in Resources */,
			);
			runOnlyForDeploymentPostprocessing = 0;
		};
		81FCC70A289C31E700433ED1 /* Resources */ = {
			isa = PBXResourcesBuildPhase;
			buildActionMask = 2147483647;
			files = (
				81FCC757289C6BAA00433ED1 /* movie.json in Resources */,
				81FCC755289C6B9800433ED1 /* movies.json in Resources */,
			);
			runOnlyForDeploymentPostprocessing = 0;
		};
		81FCC714289C31E700433ED1 /* Resources */ = {
			isa = PBXResourcesBuildPhase;
			buildActionMask = 2147483647;
			files = (
			);
			runOnlyForDeploymentPostprocessing = 0;
		};
/* End PBXResourcesBuildPhase section */

/* Begin PBXSourcesBuildPhase section */
		81FCC6F2289C31E500433ED1 /* Sources */ = {
			isa = PBXSourcesBuildPhase;
			buildActionMask = 2147483647;
			files = (
				81FCC741289C4A1E00433ED1 /* MovieAPIRequest.swift in Sources */,
				81FCC761289D978C00433ED1 /* UIView+Extension.swift in Sources */,
				81FCC732289C38F500433ED1 /* Movie.swift in Sources */,
				81FCC734289C399700433ED1 /* Movies.swift in Sources */,
				81FCC748289C560800433ED1 /* Utils.swift in Sources */,
				81FCC781289E9E4100433ED1 /* MovieDetailViewModel.swift in Sources */,
				81FCC6FA289C31E500433ED1 /* AppDelegate.swift in Sources */,
				81FCC76F289E6EC800433ED1 /* MovieCatalogueViewCell.swift in Sources */,
				81FCC72F289C37FE00433ED1 /* RequestError.swift in Sources */,
				81FCC73F289C49DE00433ED1 /* MovieFetcher.swift in Sources */,
				81FCC743289C508900433ED1 /* APIRequest.swift in Sources */,
				81FCC77B289E901200433ED1 /* String+Extension.swift in Sources */,
				81FCC736289C39D900433ED1 /* HTTPClient.swift in Sources */,
				81FCC769289E46E500433ED1 /* MoviesView.swift in Sources */,
				81FCC767289DA63100433ED1 /* MoviesViewController.swift in Sources */,
				81FCC765289D9DDB00433ED1 /* MoviesViewModel.swift in Sources */,
				81FCC72D289C37E100433ED1 /* RequestMethod.swift in Sources */,
				81FCC77F289E9E2E00433ED1 /* MovieDetailViewController.swift in Sources */,
				81FCC77D289E9E1A00433ED1 /* MovieDetailView.swift in Sources */,
				81FCC6FC289C31E500433ED1 /* SceneDelegate.swift in Sources */,
				81FCC76B289E46FF00433ED1 /* MoviesUICollectionViewFlowLayout.swift in Sources */,
				81FCC783289EB35200433ED1 /* MovieDetail.swift in Sources */,
			);
			runOnlyForDeploymentPostprocessing = 0;
		};
		81FCC708289C31E700433ED1 /* Sources */ = {
			isa = PBXSourcesBuildPhase;
			buildActionMask = 2147483647;
			files = (
				81FCC74E289C682A00433ED1 /* MockHTTPClient.swift in Sources */,
				81FCC74A289C666A00433ED1 /* MockMoviesFetcher.swift in Sources */,
				81FCC750289C68E000433ED1 /* Mockable.swift in Sources */,
				81FCC759289D00AD00433ED1 /* MovieAPIRequestMock.swift in Sources */,
				81FCC711289C31E700433ED1 /* AxonistaTests.swift in Sources */,
			);
			runOnlyForDeploymentPostprocessing = 0;
		};
		81FCC712289C31E700433ED1 /* Sources */ = {
			isa = PBXSourcesBuildPhase;
			buildActionMask = 2147483647;
			files = (
				81FCC71D289C31E700433ED1 /* AxonistaUITestsLaunchTests.swift in Sources */,
				81FCC71B289C31E700433ED1 /* AxonistaUITests.swift in Sources */,
			);
			runOnlyForDeploymentPostprocessing = 0;
		};
/* End PBXSourcesBuildPhase section */

/* Begin PBXTargetDependency section */
		81FCC70E289C31E700433ED1 /* PBXTargetDependency */ = {
			isa = PBXTargetDependency;
			target = 81FCC6F5289C31E500433ED1 /* Axonista */;
			targetProxy = 81FCC70D289C31E700433ED1 /* PBXContainerItemProxy */;
		};
		81FCC718289C31E700433ED1 /* PBXTargetDependency */ = {
			isa = PBXTargetDependency;
			target = 81FCC6F5289C31E500433ED1 /* Axonista */;
			targetProxy = 81FCC717289C31E700433ED1 /* PBXContainerItemProxy */;
		};
/* End PBXTargetDependency section */

/* Begin PBXVariantGroup section */
		81FCC704289C31E600433ED1 /* LaunchScreen.storyboard */ = {
			isa = PBXVariantGroup;
			children = (
				81FCC705289C31E600433ED1 /* Base */,
			);
			name = LaunchScreen.storyboard;
			sourceTree = "<group>";
		};
/* End PBXVariantGroup section */

/* Begin XCBuildConfiguration section */
		81FCC71E289C31E700433ED1 /* Debug */ = {
			isa = XCBuildConfiguration;
			buildSettings = {
				ALWAYS_SEARCH_USER_PATHS = NO;
				CLANG_ANALYZER_NONNULL = YES;
				CLANG_ANALYZER_NUMBER_OBJECT_CONVERSION = YES_AGGRESSIVE;
				CLANG_CXX_LANGUAGE_STANDARD = "gnu++17";
				CLANG_ENABLE_MODULES = YES;
				CLANG_ENABLE_OBJC_ARC = YES;
				CLANG_ENABLE_OBJC_WEAK = YES;
				CLANG_WARN_BLOCK_CAPTURE_AUTORELEASING = YES;
				CLANG_WARN_BOOL_CONVERSION = YES;
				CLANG_WARN_COMMA = YES;
				CLANG_WARN_CONSTANT_CONVERSION = YES;
				CLANG_WARN_DEPRECATED_OBJC_IMPLEMENTATIONS = YES;
				CLANG_WARN_DIRECT_OBJC_ISA_USAGE = YES_ERROR;
				CLANG_WARN_DOCUMENTATION_COMMENTS = YES;
				CLANG_WARN_EMPTY_BODY = YES;
				CLANG_WARN_ENUM_CONVERSION = YES;
				CLANG_WARN_INFINITE_RECURSION = YES;
				CLANG_WARN_INT_CONVERSION = YES;
				CLANG_WARN_NON_LITERAL_NULL_CONVERSION = YES;
				CLANG_WARN_OBJC_IMPLICIT_RETAIN_SELF = YES;
				CLANG_WARN_OBJC_LITERAL_CONVERSION = YES;
				CLANG_WARN_OBJC_ROOT_CLASS = YES_ERROR;
				CLANG_WARN_QUOTED_INCLUDE_IN_FRAMEWORK_HEADER = YES;
				CLANG_WARN_RANGE_LOOP_ANALYSIS = YES;
				CLANG_WARN_STRICT_PROTOTYPES = YES;
				CLANG_WARN_SUSPICIOUS_MOVE = YES;
				CLANG_WARN_UNGUARDED_AVAILABILITY = YES_AGGRESSIVE;
				CLANG_WARN_UNREACHABLE_CODE = YES;
				CLANG_WARN__DUPLICATE_METHOD_MATCH = YES;
				COPY_PHASE_STRIP = NO;
				DEBUG_INFORMATION_FORMAT = dwarf;
				ENABLE_STRICT_OBJC_MSGSEND = YES;
				ENABLE_TESTABILITY = YES;
				GCC_C_LANGUAGE_STANDARD = gnu11;
				GCC_DYNAMIC_NO_PIC = NO;
				GCC_NO_COMMON_BLOCKS = YES;
				GCC_OPTIMIZATION_LEVEL = 0;
				GCC_PREPROCESSOR_DEFINITIONS = (
					"DEBUG=1",
					"$(inherited)",
				);
				GCC_WARN_64_TO_32_BIT_CONVERSION = YES;
				GCC_WARN_ABOUT_RETURN_TYPE = YES_ERROR;
				GCC_WARN_UNDECLARED_SELECTOR = YES;
				GCC_WARN_UNINITIALIZED_AUTOS = YES_AGGRESSIVE;
				GCC_WARN_UNUSED_FUNCTION = YES;
				GCC_WARN_UNUSED_VARIABLE = YES;
				IPHONEOS_DEPLOYMENT_TARGET = 15.5;
				MTL_ENABLE_DEBUG_INFO = INCLUDE_SOURCE;
				MTL_FAST_MATH = YES;
				ONLY_ACTIVE_ARCH = YES;
				SDKROOT = iphoneos;
				SWIFT_ACTIVE_COMPILATION_CONDITIONS = DEBUG;
				SWIFT_OPTIMIZATION_LEVEL = "-Onone";
			};
			name = Debug;
		};
		81FCC71F289C31E700433ED1 /* Release */ = {
			isa = XCBuildConfiguration;
			buildSettings = {
				ALWAYS_SEARCH_USER_PATHS = NO;
				CLANG_ANALYZER_NONNULL = YES;
				CLANG_ANALYZER_NUMBER_OBJECT_CONVERSION = YES_AGGRESSIVE;
				CLANG_CXX_LANGUAGE_STANDARD = "gnu++17";
				CLANG_ENABLE_MODULES = YES;
				CLANG_ENABLE_OBJC_ARC = YES;
				CLANG_ENABLE_OBJC_WEAK = YES;
				CLANG_WARN_BLOCK_CAPTURE_AUTORELEASING = YES;
				CLANG_WARN_BOOL_CONVERSION = YES;
				CLANG_WARN_COMMA = YES;
				CLANG_WARN_CONSTANT_CONVERSION = YES;
				CLANG_WARN_DEPRECATED_OBJC_IMPLEMENTATIONS = YES;
				CLANG_WARN_DIRECT_OBJC_ISA_USAGE = YES_ERROR;
				CLANG_WARN_DOCUMENTATION_COMMENTS = YES;
				CLANG_WARN_EMPTY_BODY = YES;
				CLANG_WARN_ENUM_CONVERSION = YES;
				CLANG_WARN_INFINITE_RECURSION = YES;
				CLANG_WARN_INT_CONVERSION = YES;
				CLANG_WARN_NON_LITERAL_NULL_CONVERSION = YES;
				CLANG_WARN_OBJC_IMPLICIT_RETAIN_SELF = YES;
				CLANG_WARN_OBJC_LITERAL_CONVERSION = YES;
				CLANG_WARN_OBJC_ROOT_CLASS = YES_ERROR;
				CLANG_WARN_QUOTED_INCLUDE_IN_FRAMEWORK_HEADER = YES;
				CLANG_WARN_RANGE_LOOP_ANALYSIS = YES;
				CLANG_WARN_STRICT_PROTOTYPES = YES;
				CLANG_WARN_SUSPICIOUS_MOVE = YES;
				CLANG_WARN_UNGUARDED_AVAILABILITY = YES_AGGRESSIVE;
				CLANG_WARN_UNREACHABLE_CODE = YES;
				CLANG_WARN__DUPLICATE_METHOD_MATCH = YES;
				COPY_PHASE_STRIP = NO;
				DEBUG_INFORMATION_FORMAT = "dwarf-with-dsym";
				ENABLE_NS_ASSERTIONS = NO;
				ENABLE_STRICT_OBJC_MSGSEND = YES;
				GCC_C_LANGUAGE_STANDARD = gnu11;
				GCC_NO_COMMON_BLOCKS = YES;
				GCC_WARN_64_TO_32_BIT_CONVERSION = YES;
				GCC_WARN_ABOUT_RETURN_TYPE = YES_ERROR;
				GCC_WARN_UNDECLARED_SELECTOR = YES;
				GCC_WARN_UNINITIALIZED_AUTOS = YES_AGGRESSIVE;
				GCC_WARN_UNUSED_FUNCTION = YES;
				GCC_WARN_UNUSED_VARIABLE = YES;
				IPHONEOS_DEPLOYMENT_TARGET = 15.5;
				MTL_ENABLE_DEBUG_INFO = NO;
				MTL_FAST_MATH = YES;
				SDKROOT = iphoneos;
				SWIFT_COMPILATION_MODE = wholemodule;
				SWIFT_OPTIMIZATION_LEVEL = "-O";
				VALIDATE_PRODUCT = YES;
			};
			name = Release;
		};
		81FCC721289C31E700433ED1 /* Debug */ = {
			isa = XCBuildConfiguration;
			buildSettings = {
				ASSETCATALOG_COMPILER_APPICON_NAME = AppIcon;
				ASSETCATALOG_COMPILER_GLOBAL_ACCENT_COLOR_NAME = AccentColor;
				CODE_SIGN_STYLE = Automatic;
				CURRENT_PROJECT_VERSION = 1;
				DEVELOPMENT_TEAM = 5ZG2R83SFM;
				GENERATE_INFOPLIST_FILE = YES;
				INFOPLIST_FILE = Axonista/Info.plist;
				INFOPLIST_KEY_UIApplicationSupportsIndirectInputEvents = YES;
				INFOPLIST_KEY_UILaunchStoryboardName = LaunchScreen;
				INFOPLIST_KEY_UISupportedInterfaceOrientations_iPad = "UIInterfaceOrientationPortrait UIInterfaceOrientationPortraitUpsideDown UIInterfaceOrientationLandscapeLeft UIInterfaceOrientationLandscapeRight";
				INFOPLIST_KEY_UISupportedInterfaceOrientations_iPhone = "UIInterfaceOrientationPortrait UIInterfaceOrientationLandscapeLeft UIInterfaceOrientationLandscapeRight";
				LD_RUNPATH_SEARCH_PATHS = (
					"$(inherited)",
					"@executable_path/Frameworks",
				);
				MARKETING_VERSION = 1.0;
				PRODUCT_BUNDLE_IDENTIFIER = norman.Axonista;
				PRODUCT_NAME = "$(TARGET_NAME)";
				SWIFT_EMIT_LOC_STRINGS = YES;
				SWIFT_VERSION = 5.0;
				TARGETED_DEVICE_FAMILY = "1,2";
			};
			name = Debug;
		};
		81FCC722289C31E700433ED1 /* Release */ = {
			isa = XCBuildConfiguration;
			buildSettings = {
				ASSETCATALOG_COMPILER_APPICON_NAME = AppIcon;
				ASSETCATALOG_COMPILER_GLOBAL_ACCENT_COLOR_NAME = AccentColor;
				CODE_SIGN_STYLE = Automatic;
				CURRENT_PROJECT_VERSION = 1;
				DEVELOPMENT_TEAM = 5ZG2R83SFM;
				GENERATE_INFOPLIST_FILE = YES;
				INFOPLIST_FILE = Axonista/Info.plist;
				INFOPLIST_KEY_UIApplicationSupportsIndirectInputEvents = YES;
				INFOPLIST_KEY_UILaunchStoryboardName = LaunchScreen;
				INFOPLIST_KEY_UISupportedInterfaceOrientations_iPad = "UIInterfaceOrientationPortrait UIInterfaceOrientationPortraitUpsideDown UIInterfaceOrientationLandscapeLeft UIInterfaceOrientationLandscapeRight";
				INFOPLIST_KEY_UISupportedInterfaceOrientations_iPhone = "UIInterfaceOrientationPortrait UIInterfaceOrientationLandscapeLeft UIInterfaceOrientationLandscapeRight";
				LD_RUNPATH_SEARCH_PATHS = (
					"$(inherited)",
					"@executable_path/Frameworks",
				);
				MARKETING_VERSION = 1.0;
				PRODUCT_BUNDLE_IDENTIFIER = norman.Axonista;
				PRODUCT_NAME = "$(TARGET_NAME)";
				SWIFT_EMIT_LOC_STRINGS = YES;
				SWIFT_VERSION = 5.0;
				TARGETED_DEVICE_FAMILY = "1,2";
			};
			name = Release;
		};
		81FCC724289C31E700433ED1 /* Debug */ = {
			isa = XCBuildConfiguration;
			buildSettings = {
				ALWAYS_EMBED_SWIFT_STANDARD_LIBRARIES = YES;
				BUNDLE_LOADER = "$(TEST_HOST)";
				CODE_SIGN_STYLE = Automatic;
				CURRENT_PROJECT_VERSION = 1;
				DEVELOPMENT_TEAM = 5ZG2R83SFM;
				GENERATE_INFOPLIST_FILE = YES;
				IPHONEOS_DEPLOYMENT_TARGET = 15.5;
				MARKETING_VERSION = 1.0;
				PRODUCT_BUNDLE_IDENTIFIER = norman.AxonistaTests;
				PRODUCT_NAME = "$(TARGET_NAME)";
				SWIFT_EMIT_LOC_STRINGS = NO;
				SWIFT_VERSION = 5.0;
				TARGETED_DEVICE_FAMILY = "1,2";
				TEST_HOST = "$(BUILT_PRODUCTS_DIR)/Axonista.app/Axonista";
			};
			name = Debug;
		};
		81FCC725289C31E700433ED1 /* Release */ = {
			isa = XCBuildConfiguration;
			buildSettings = {
				ALWAYS_EMBED_SWIFT_STANDARD_LIBRARIES = YES;
				BUNDLE_LOADER = "$(TEST_HOST)";
				CODE_SIGN_STYLE = Automatic;
				CURRENT_PROJECT_VERSION = 1;
				DEVELOPMENT_TEAM = 5ZG2R83SFM;
				GENERATE_INFOPLIST_FILE = YES;
				IPHONEOS_DEPLOYMENT_TARGET = 15.5;
				MARKETING_VERSION = 1.0;
				PRODUCT_BUNDLE_IDENTIFIER = norman.AxonistaTests;
				PRODUCT_NAME = "$(TARGET_NAME)";
				SWIFT_EMIT_LOC_STRINGS = NO;
				SWIFT_VERSION = 5.0;
				TARGETED_DEVICE_FAMILY = "1,2";
				TEST_HOST = "$(BUILT_PRODUCTS_DIR)/Axonista.app/Axonista";
			};
			name = Release;
		};
		81FCC727289C31E700433ED1 /* Debug */ = {
			isa = XCBuildConfiguration;
			buildSettings = {
				ALWAYS_EMBED_SWIFT_STANDARD_LIBRARIES = YES;
				CODE_SIGN_STYLE = Automatic;
				CURRENT_PROJECT_VERSION = 1;
				DEVELOPMENT_TEAM = 5ZG2R83SFM;
				GENERATE_INFOPLIST_FILE = YES;
				MARKETING_VERSION = 1.0;
				PRODUCT_BUNDLE_IDENTIFIER = norman.AxonistaUITests;
				PRODUCT_NAME = "$(TARGET_NAME)";
				SWIFT_EMIT_LOC_STRINGS = NO;
				SWIFT_VERSION = 5.0;
				TARGETED_DEVICE_FAMILY = "1,2";
				TEST_TARGET_NAME = Axonista;
			};
			name = Debug;
		};
		81FCC728289C31E700433ED1 /* Release */ = {
			isa = XCBuildConfiguration;
			buildSettings = {
				ALWAYS_EMBED_SWIFT_STANDARD_LIBRARIES = YES;
				CODE_SIGN_STYLE = Automatic;
				CURRENT_PROJECT_VERSION = 1;
				DEVELOPMENT_TEAM = 5ZG2R83SFM;
				GENERATE_INFOPLIST_FILE = YES;
				MARKETING_VERSION = 1.0;
				PRODUCT_BUNDLE_IDENTIFIER = norman.AxonistaUITests;
				PRODUCT_NAME = "$(TARGET_NAME)";
				SWIFT_EMIT_LOC_STRINGS = NO;
				SWIFT_VERSION = 5.0;
				TARGETED_DEVICE_FAMILY = "1,2";
				TEST_TARGET_NAME = Axonista;
			};
			name = Release;
		};
/* End XCBuildConfiguration section */

/* Begin XCConfigurationList section */
		81FCC6F1289C31E500433ED1 /* Build configuration list for PBXProject "Axonista" */ = {
			isa = XCConfigurationList;
			buildConfigurations = (
				81FCC71E289C31E700433ED1 /* Debug */,
				81FCC71F289C31E700433ED1 /* Release */,
			);
			defaultConfigurationIsVisible = 0;
			defaultConfigurationName = Release;
		};
		81FCC720289C31E700433ED1 /* Build configuration list for PBXNativeTarget "Axonista" */ = {
			isa = XCConfigurationList;
			buildConfigurations = (
				81FCC721289C31E700433ED1 /* Debug */,
				81FCC722289C31E700433ED1 /* Release */,
			);
			defaultConfigurationIsVisible = 0;
			defaultConfigurationName = Release;
		};
		81FCC723289C31E700433ED1 /* Build configuration list for PBXNativeTarget "AxonistaTests" */ = {
			isa = XCConfigurationList;
			buildConfigurations = (
				81FCC724289C31E700433ED1 /* Debug */,
				81FCC725289C31E700433ED1 /* Release */,
			);
			defaultConfigurationIsVisible = 0;
			defaultConfigurationName = Release;
		};
		81FCC726289C31E700433ED1 /* Build configuration list for PBXNativeTarget "AxonistaUITests" */ = {
			isa = XCConfigurationList;
			buildConfigurations = (
				81FCC727289C31E700433ED1 /* Debug */,
				81FCC728289C31E700433ED1 /* Release */,
			);
			defaultConfigurationIsVisible = 0;
			defaultConfigurationName = Release;
		};
/* End XCConfigurationList section */

/* Begin XCRemoteSwiftPackageReference section */
		81FCC776289E7C3000433ED1 /* XCRemoteSwiftPackageReference "Kingfisher" */ = {
			isa = XCRemoteSwiftPackageReference;
			repositoryURL = "https://github.com/onevcat/Kingfisher.git";
			requirement = {
				kind = upToNextMajorVersion;
				minimumVersion = 7.0.0;
			};
		};
/* End XCRemoteSwiftPackageReference section */

/* Begin XCSwiftPackageProductDependency section */
		81FCC777289E7C3000433ED1 /* Kingfisher */ = {
			isa = XCSwiftPackageProductDependency;
			package = 81FCC776289E7C3000433ED1 /* XCRemoteSwiftPackageReference "Kingfisher" */;
			productName = Kingfisher;
		};
/* End XCSwiftPackageProductDependency section */
	};
	rootObject = 81FCC6EE289C31E500433ED1 /* Project object */;
}
